
Microsoft Visual Studio Solution File, Format Version 12.00
# Visual Studio Version 17
VisualStudioVersion = 17.8.34330.188
MinimumVisualStudioVersion = 10.0.40219.1
Project("{FAE04EC0-301F-11D3-BF4B-00C04F79EFBC}") = "Export_ver8", "Export_ver8.csproj", "{F45E50B6-2F5A-43C8-AF52-844880C3352A}"
EndProject
Global
	GlobalSection(SolutionConfigurationPlatforms) = preSolution
		Debug|Any CPU = Debug|Any CPU
		Release|Any CPU = Release|Any CPU
	EndGlobalSection
	GlobalSection(ProjectConfigurationPlatforms) = postSolution
		{F45E50B6-2F5A-43C8-AF52-844880C3352A}.Debug|Any CPU.ActiveCfg = Debug|Any CPU
		{F45E50B6-2F5A-43C8-AF52-844880C3352A}.Debug|Any CPU.Build.0 = Debug|Any CPU
		{F45E50B6-2F5A-43C8-AF52-844880C3352A}.Release|Any CPU.ActiveCfg = Release|Any CPU
		{F45E50B6-2F5A-43C8-AF52-844880C3352A}.Release|Any CPU.Build.0 = Release|Any CPU
	EndGlobalSection
	GlobalSection(SolutionProperties) = preSolution
		HideSolutionNode = FALSE
	EndGlobalSection
	GlobalSection(ExtensibilityGlobals) = postSolution
		SolutionGuid = {17815D0C-16C6-4F8B-8AD1-8F3A5EC299EB}
	EndGlobalSection
EndGlobal
